# gamescope-meson-sources-v1
# name	kind	revision	archive_filename	archive_root	sha256	archive_url	meson_path	license_path	license_sha256
libdisplay-info	gitlink	47a5590e9c4eb35d67651b8c05a55f1a48259329	libdisplay-info-47a5590e9c4eb35d67651b8c05a55f1a48259329.tar.gz	libdisplay-info-47a5590e9c4eb35d67651b8c05a55f1a48259329	e7c446673180b3f8f19890e2d5223fa1058d706368a2c5c69c0e6443f811b3e3	https://gitlab.freedesktop.org/emersion/libdisplay-info/-/archive/47a5590e9c4eb35d67651b8c05a55f1a48259329/libdisplay-info-47a5590e9c4eb35d67651b8c05a55f1a48259329.tar.gz	subprojects/libdisplay-info	LICENSE	15b396244e58830c5614b9394f4deccfe684970cd507f299383ab57ad339eedd
libliftoff	gitlink	8b08dc1c14fd019cc90ddabe34ad16596b0691f4	libliftoff-8b08dc1c14fd019cc90ddabe34ad16596b0691f4.tar.gz	libliftoff-8b08dc1c14fd019cc90ddabe34ad16596b0691f4	8de28aee6f90f47b7fc7037dcd2360166197c0b5d2033f3afdbd34f2ea1bf216	https://gitlab.freedesktop.org/emersion/libliftoff/-/archive/8b08dc1c14fd019cc90ddabe34ad16596b0691f4/libliftoff-8b08dc1c14fd019cc90ddabe34ad16596b0691f4.tar.gz	subprojects/libliftoff	LICENSE	9b230152f28fc7898665f40da7c311a1bf238a68b12cc39d9c83bbfc117a7b6b
vkroots	gitlink	5106d8a0df95de66cc58dc1ea37e69c99afc9540	vkroots-5106d8a0df95de66cc58dc1ea37e69c99afc9540.tar.gz	vkroots-5106d8a0df95de66cc58dc1ea37e69c99afc9540	37b77586e91f7ebee70380dcddd73bf01ae4acef1053e6be41d0485ede022422	https://github.com/Joshua-Ashton/vkroots/archive/5106d8a0df95de66cc58dc1ea37e69c99afc9540.tar.gz	subprojects/vkroots	LICENSE	66d083f861a7f030f00a7edd80b616f3d762fed5d0ddc34eb133a9e792e2691d
wlroots	gitlink	88a869855742281c98c22cab9641b317b8d065ef	wlroots-88a869855742281c98c22cab9641b317b8d065ef.tar.gz	wlroots-88a869855742281c98c22cab9641b317b8d065ef	587256827f7e1bcbb7384d1c04c0e21682565169e7a906560f723820bcf78af2	https://gitlab.freedesktop.org/wlroots/wlroots/-/archive/88a869855742281c98c22cab9641b317b8d065ef/wlroots-88a869855742281c98c22cab9641b317b8d065ef.tar.gz	subprojects/wlroots	LICENSE	35d427c043dcafe8893b9e7247348f599847c81d9a067703587c80707f3d58df
glm	wrap-file	0af55ccecd98d4e5a8d1fad7de25ba429d60e863	glm-0af55ccecd98d4e5a8d1fad7de25ba429d60e863.tar.gz	glm-0af55ccecd98d4e5a8d1fad7de25ba429d60e863	e7f187d83523f505eb38dd25d297ea6c0d4ed856d733e808f18253f5a8fa88a0	https://github.com/g-truc/glm/archive/0af55ccecd98d4e5a8d1fad7de25ba429d60e863.tar.gz	subprojects/glm.wrap	copying.txt	62d2d642c7d054d4fb4c9b42faad617d6c88fcd91e317f8035aa9f277cc159c3
stb	wrap-file	5736b15f7ea0ffb08dd38af21067c314d6a3aae9	stb-5736b15f7ea0ffb08dd38af21067c314d6a3aae9.tar.gz	stb-5736b15f7ea0ffb08dd38af21067c314d6a3aae9	d00921d49b06af62aa6bfb97c1b136bec661dd11dd4eecbcb0da1f6da7cedb4c	https://github.com/nothings/stb/archive/5736b15f7ea0ffb08dd38af21067c314d6a3aae9.tar.gz	subprojects/stb.wrap	LICENSE	bebfe904b14301657e4e5d655c811d51fd31b97c455b9cc2d8600d6bac6cff63
